# Windows/Python 3.12 dependency set validated on 2026-08-10.
# Install the project with: python -m pip install -c requirements.lock -e ".[dev]"
annotated-types==0.8.0
anyio==4.14.2
attrs==26.1.0
certifi==2026.7.22
cffi==2.1.1
click==8.4.2
colorama==0.4.6
coverage==7.15.4
fastapi==0.116.1
h11==0.16.0
httpcore==1.0.9
httpx==0.28.1
idna==3.18
iniconfig==2.3.0
jsonschema==4.25.0
jsonschema-specifications==2025.9.1
numpy==1.26.4
packaging==26.3
pip==26.2.1
pluggy==1.6.0
pycparser==3.0
pydantic==2.11.7
pydantic-core==2.33.2
pygments==2.20.0
pyside6==6.11.1
pyside6-addons==6.11.1
pyside6-essentials==6.11.1
pytest==8.4.1
pytest-cov==6.2.1
referencing==0.37.0
rpds-py==2026.6.3
ruff==0.12.7
scipy==1.17.1
setuptools==80.9.0
shiboken6==6.11.1
soundfile==0.14.0
starlette==0.47.3
typing-extensions==4.16.0
typing-inspection==0.4.2
uvicorn==0.35.0
websockets==15.0.1
wheel==0.45.1
